
Microsoft Visual Studio Solution File, Format Version 12.00
# Visual Studio Version 17
VisualStudioVersion = 17.13.35825.156 d17.13
MinimumVisualStudioVersion = 10.0.40219.1
Project("{FAE04EC0-301F-11D3-BF4B-00C04F79EFBC}") = "HotelManagementProject", "HotelManagementProject.csproj", "{1EF3633F-B773-456F-AD5E-67D6F4350940}"
EndProject
Global
	GlobalSection(SolutionConfigurationPlatforms) = preSolution
		Debug|Any CPU = Debug|Any CPU
		Release|Any CPU = Release|Any CPU
	EndGlobalSection
	GlobalSection(ProjectConfigurationPlatforms) = postSolution
		{1EF3633F-B773-456F-AD5E-67D6F4350940}.Debug|Any CPU.ActiveCfg = Debug|Any CPU
		{1EF3633F-B773-456F-AD5E-67D6F4350940}.Debug|Any CPU.Build.0 = Debug|Any CPU
		{1EF3633F-B773-456F-AD5E-67D6F4350940}.Release|Any CPU.ActiveCfg = Release|Any CPU
		{1EF3633F-B773-456F-AD5E-67D6F4350940}.Release|Any CPU.Build.0 = Release|Any CPU
	EndGlobalSection
	GlobalSection(SolutionProperties) = preSolution
		HideSolutionNode = FALSE
	EndGlobalSection
	GlobalSection(ExtensibilityGlobals) = postSolution
		SolutionGuid = {ADCC7781-AEDD-4492-AA30-69CBC3172B39}
	EndGlobalSection
EndGlobal
